
Microsoft Visual Studio Solution File, Format Version 12.00
# Visual Studio Version 17
VisualStudioVersion = 17.0.31919.166
MinimumVisualStudioVersion = 10.0.40219.1
Project("{FAE04EC0-301F-11D3-BF4B-00C04F79EFBC}") = "MemcachedSample", "MemcachedSample\MemcachedSample.csproj", "{3B0850B7-E612-4833-8083-40C9AB0F04CA}"
EndProject
Global
	GlobalSection(SolutionConfigurationPlatforms) = preSolution
		Debug|Any CPU = Debug|Any CPU
		Release|Any CPU = Release|Any CPU
	EndGlobalSection
	GlobalSection(ProjectConfigurationPlatforms) = postSolution
		{3B0850B7-E612-4833-8083-40C9AB0F04CA}.Debug|Any CPU.ActiveCfg = Debug|Any CPU
		{3B0850B7-E612-4833-8083-40C9AB0F04CA}.Debug|Any CPU.Build.0 = Debug|Any CPU
		{3B0850B7-E612-4833-8083-40C9AB0F04CA}.Release|Any CPU.ActiveCfg = Release|Any CPU
		{3B0850B7-E612-4833-8083-40C9AB0F04CA}.Release|Any CPU.Build.0 = Release|Any CPU
	EndGlobalSection
	GlobalSection(SolutionProperties) = preSolution
		HideSolutionNode = FALSE
	EndGlobalSection
	GlobalSection(ExtensibilityGlobals) = postSolution
		SolutionGuid = {FA769DEA-D551-413F-9A42-3EA0C368045D}
	EndGlobalSection
EndGlobal
